# This file is automatically @generated by Cargo.
# It is not intended for manual editing.
version = 3

[[package]]
name = "api"
version = "0.1.0"

[[package]]
name = "application"
version = "0.1.0"

[[package]]
name = "diesel"
version = "2.1.4"
source = "registry+https://github.com/rust-lang/crates.io-index"
checksum = "62c6fcf842f17f8c78ecf7c81d75c5ce84436b41ee07e03f490fbb5f5a8731d8"
dependencies = [
 "diesel_derives",
]

[[package]]
name = "diesel_derives"
version = "2.1.2"
source = "registry+https://github.com/rust-lang/crates.io-index"
checksum = "ef8337737574f55a468005a83499da720f20c65586241ffea339db9ecdfd2b44"
dependencies = [
 "diesel_table_macro_syntax",
 "proc-macro2",
 "quote",
 "syn",
]

[[package]]
name = "diesel_table_macro_syntax"
version = "0.1.0"
source = "registry+https://github.com/rust-lang/crates.io-index"
checksum = "fc5557efc453706fed5e4fa85006fe9817c224c3f480a34c7e5959fd700921c5"
dependencies = [
 "syn",
]

[[package]]
name = "domain"
version = "0.1.0"

[[package]]
name = "infra"
version = "0.1.0"
dependencies = [
 "diesel",
]

[[package]]
name = "proc-macro2"
version = "1.0.78"
source = "registry+https://github.com/rust-lang/crates.io-index"
checksum = "e2422ad645d89c99f8f3e6b88a9fdeca7fabeac836b1002371c4367c8f984aae"
dependencies = [
 "unicode-ident",
]

[[package]]
name = "quote"
version = "1.0.35"
source = "registry+https://github.com/rust-lang/crates.io-index"
checksum = "291ec9ab5efd934aaf503a6466c5d5251535d108ee747472c3977cc5acc868ef"
dependencies = [
 "proc-macro2",
]

[[package]]
name = "shared"
version = "0.1.0"

[[package]]
name = "syn"
version = "2.0.50"
source = "registry+https://github.com/rust-lang/crates.io-index"
checksum = "74f1bdc9872430ce9b75da68329d1c1746faf50ffac5f19e02b71e37ff881ffb"
dependencies = [
 "proc-macro2",
 "quote",
 "unicode-ident",
]

[[package]]
name = "unicode-ident"
version = "1.0.12"
source = "registry+https://github.com/rust-lang/crates.io-index"
checksum = "3354b9ac3fae1ff6755cb6db53683adb661634f67557942dea4facebec0fee4b"
